
Microsoft Visual Studio Solution File, Format Version 12.00
# Visual Studio Version 17
VisualStudioVersion = 17.4.33205.214
MinimumVisualStudioVersion = 10.0.40219.1
Project("{FAE04EC0-301F-11D3-BF4B-00C04F79EFBC}") = "PerThread", "PerThread\PerThread.csproj", "{62400741-3CD0-44EC-B5F0-F9F9DC9EF66B}"
EndProject
Global
	GlobalSection(SolutionConfigurationPlatforms) = preSolution
		Debug|Any CPU = Debug|Any CPU
		Release|Any CPU = Release|Any CPU
	EndGlobalSection
	GlobalSection(ProjectConfigurationPlatforms) = postSolution
		{62400741-3CD0-44EC-B5F0-F9F9DC9EF66B}.Debug|Any CPU.ActiveCfg = Debug|Any CPU
		{62400741-3CD0-44EC-B5F0-F9F9DC9EF66B}.Debug|Any CPU.Build.0 = Debug|Any CPU
		{62400741-3CD0-44EC-B5F0-F9F9DC9EF66B}.Release|Any CPU.ActiveCfg = Release|Any CPU
		{62400741-3CD0-44EC-B5F0-F9F9DC9EF66B}.Release|Any CPU.Build.0 = Release|Any CPU
	EndGlobalSection
	GlobalSection(SolutionProperties) = preSolution
		HideSolutionNode = FALSE
	EndGlobalSection
	GlobalSection(ExtensibilityGlobals) = postSolution
		SolutionGuid = {2994C693-75B0-462E-91E8-DF315E3D232C}
	EndGlobalSection
EndGlobal
