
Microsoft Visual Studio Solution File, Format Version 12.00
# Visual Studio Version 17
VisualStudioVersion = 17.4.33205.214
MinimumVisualStudioVersion = 10.0.40219.1
Project("{FAE04EC0-301F-11D3-BF4B-00C04F79EFBC}") = "Stepwise", "Stepwise\Stepwise.csproj", "{B7FB826C-AFDC-4124-B52F-440EC02F9D73}"
EndProject
Global
	GlobalSection(SolutionConfigurationPlatforms) = preSolution
		Debug|Any CPU = Debug|Any CPU
		Release|Any CPU = Release|Any CPU
	EndGlobalSection
	GlobalSection(ProjectConfigurationPlatforms) = postSolution
		{B7FB826C-AFDC-4124-B52F-440EC02F9D73}.Debug|Any CPU.ActiveCfg = Debug|Any CPU
		{B7FB826C-AFDC-4124-B52F-440EC02F9D73}.Debug|Any CPU.Build.0 = Debug|Any CPU
		{B7FB826C-AFDC-4124-B52F-440EC02F9D73}.Release|Any CPU.ActiveCfg = Release|Any CPU
		{B7FB826C-AFDC-4124-B52F-440EC02F9D73}.Release|Any CPU.Build.0 = Release|Any CPU
	EndGlobalSection
	GlobalSection(SolutionProperties) = preSolution
		HideSolutionNode = FALSE
	EndGlobalSection
	GlobalSection(ExtensibilityGlobals) = postSolution
		SolutionGuid = {3448AEFD-1680-4BBC-8F73-AC933522A52E}
	EndGlobalSection
EndGlobal
