
Microsoft Visual Studio Solution File, Format Version 12.00
# Visual Studio Version 17
VisualStudioVersion = 17.4.33205.214
MinimumVisualStudioVersion = 10.0.40219.1
Project("{FAE04EC0-301F-11D3-BF4B-00C04F79EFBC}") = "FacetedBuilder", "FacetedBuilder\FacetedBuilder.csproj", "{360AEDE7-B7E3-4F2D-8523-3F7F8D51EBAD}"
EndProject
Global
	GlobalSection(SolutionConfigurationPlatforms) = preSolution
		Debug|Any CPU = Debug|Any CPU
		Release|Any CPU = Release|Any CPU
	EndGlobalSection
	GlobalSection(ProjectConfigurationPlatforms) = postSolution
		{360AEDE7-B7E3-4F2D-8523-3F7F8D51EBAD}.Debug|Any CPU.ActiveCfg = Debug|Any CPU
		{360AEDE7-B7E3-4F2D-8523-3F7F8D51EBAD}.Debug|Any CPU.Build.0 = Debug|Any CPU
		{360AEDE7-B7E3-4F2D-8523-3F7F8D51EBAD}.Release|Any CPU.ActiveCfg = Release|Any CPU
		{360AEDE7-B7E3-4F2D-8523-3F7F8D51EBAD}.Release|Any CPU.Build.0 = Release|Any CPU
	EndGlobalSection
	GlobalSection(SolutionProperties) = preSolution
		HideSolutionNode = FALSE
	EndGlobalSection
	GlobalSection(ExtensibilityGlobals) = postSolution
		SolutionGuid = {3CEFE4DC-1E48-423D-B559-2E21E91195E6}
	EndGlobalSection
EndGlobal
