
Microsoft Visual Studio Solution File, Format Version 12.00
# Visual Studio Version 17
VisualStudioVersion = 17.5.33530.505
MinimumVisualStudioVersion = 10.0.40219.1
Project("{FAE04EC0-301F-11D3-BF4B-00C04F79EFBC}") = "FactoryPattern", "FactoryPattern\FactoryPattern.csproj", "{8F31512B-FA36-442F-9E27-1E27967F8246}"
EndProject
Global
	GlobalSection(SolutionConfigurationPlatforms) = preSolution
		Debug|Any CPU = Debug|Any CPU
		Release|Any CPU = Release|Any CPU
	EndGlobalSection
	GlobalSection(ProjectConfigurationPlatforms) = postSolution
		{8F31512B-FA36-442F-9E27-1E27967F8246}.Debug|Any CPU.ActiveCfg = Debug|Any CPU
		{8F31512B-FA36-442F-9E27-1E27967F8246}.Debug|Any CPU.Build.0 = Debug|Any CPU
		{8F31512B-FA36-442F-9E27-1E27967F8246}.Release|Any CPU.ActiveCfg = Release|Any CPU
		{8F31512B-FA36-442F-9E27-1E27967F8246}.Release|Any CPU.Build.0 = Release|Any CPU
	EndGlobalSection
	GlobalSection(SolutionProperties) = preSolution
		HideSolutionNode = FALSE
	EndGlobalSection
	GlobalSection(ExtensibilityGlobals) = postSolution
		SolutionGuid = {733674FD-73AF-420C-9AD7-24BA539B93FB}
	EndGlobalSection
EndGlobal
