
Microsoft Visual Studio Solution File, Format Version 12.00
# Visual Studio Version 17
VisualStudioVersion = 17.4.33205.214
MinimumVisualStudioVersion = 10.0.40219.1
Project("{FAE04EC0-301F-11D3-BF4B-00C04F79EFBC}") = "FunctionalBuilder", "FunctionalBuilder\FunctionalBuilder.csproj", "{1273BF38-316A-4E28-8C6F-7753B5A45306}"
EndProject
Global
	GlobalSection(SolutionConfigurationPlatforms) = preSolution
		Debug|Any CPU = Debug|Any CPU
		Release|Any CPU = Release|Any CPU
	EndGlobalSection
	GlobalSection(ProjectConfigurationPlatforms) = postSolution
		{1273BF38-316A-4E28-8C6F-7753B5A45306}.Debug|Any CPU.ActiveCfg = Debug|Any CPU
		{1273BF38-316A-4E28-8C6F-7753B5A45306}.Debug|Any CPU.Build.0 = Debug|Any CPU
		{1273BF38-316A-4E28-8C6F-7753B5A45306}.Release|Any CPU.ActiveCfg = Release|Any CPU
		{1273BF38-316A-4E28-8C6F-7753B5A45306}.Release|Any CPU.Build.0 = Release|Any CPU
	EndGlobalSection
	GlobalSection(SolutionProperties) = preSolution
		HideSolutionNode = FALSE
	EndGlobalSection
	GlobalSection(ExtensibilityGlobals) = postSolution
		SolutionGuid = {766E92E0-E813-4920-97BB-6BDF759803E9}
	EndGlobalSection
EndGlobal
